
Microsoft Visual Studio Solution File, Format Version 12.00
# Visual Studio Version 17
VisualStudioVersion = 17.9.34310.174
MinimumVisualStudioVersion = 10.0.40219.1
Project("{9A19103F-16F7-4668-BE54-9A1E7A4F7556}") = "Auth_Service", "Auth_Service\Auth_Service.csproj", "{1EBA927C-7AEC-468F-951C-5062A6338561}"
EndProject
Project("{9A19103F-16F7-4668-BE54-9A1E7A4F7556}") = "PostService", "PostService\PostService.csproj", "{0680C9E7-8B59-45E3-A01A-49D904205B37}"
EndProject
Project("{FAE04EC0-301F-11D3-BF4B-00C04F79EFBC}") = "Comments", "Comments\Comments.csproj", "{71ED0C63-1BEF-4200-BB04-55E657B1EC8A}"
EndProject
Global
	GlobalSection(SolutionConfigurationPlatforms) = preSolution
		Debug|Any CPU = Debug|Any CPU
		Release|Any CPU = Release|Any CPU
	EndGlobalSection
	GlobalSection(ProjectConfigurationPlatforms) = postSolution
		{1EBA927C-7AEC-468F-951C-5062A6338561}.Debug|Any CPU.ActiveCfg = Debug|Any CPU
		{1EBA927C-7AEC-468F-951C-5062A6338561}.Debug|Any CPU.Build.0 = Debug|Any CPU
		{1EBA927C-7AEC-468F-951C-5062A6338561}.Release|Any CPU.ActiveCfg = Release|Any CPU
		{1EBA927C-7AEC-468F-951C-5062A6338561}.Release|Any CPU.Build.0 = Release|Any CPU
		{0680C9E7-8B59-45E3-A01A-49D904205B37}.Debug|Any CPU.ActiveCfg = Debug|Any CPU
		{0680C9E7-8B59-45E3-A01A-49D904205B37}.Debug|Any CPU.Build.0 = Debug|Any CPU
		{0680C9E7-8B59-45E3-A01A-49D904205B37}.Release|Any CPU.ActiveCfg = Release|Any CPU
		{0680C9E7-8B59-45E3-A01A-49D904205B37}.Release|Any CPU.Build.0 = Release|Any CPU
		{71ED0C63-1BEF-4200-BB04-55E657B1EC8A}.Debug|Any CPU.ActiveCfg = Debug|Any CPU
		{71ED0C63-1BEF-4200-BB04-55E657B1EC8A}.Debug|Any CPU.Build.0 = Debug|Any CPU
		{71ED0C63-1BEF-4200-BB04-55E657B1EC8A}.Release|Any CPU.ActiveCfg = Release|Any CPU
		{71ED0C63-1BEF-4200-BB04-55E657B1EC8A}.Release|Any CPU.Build.0 = Release|Any CPU
	EndGlobalSection
	GlobalSection(SolutionProperties) = preSolution
		HideSolutionNode = FALSE
	EndGlobalSection
	GlobalSection(ExtensibilityGlobals) = postSolution
		SolutionGuid = {2C81C503-E67D-4FB7-B5F1-64065C6A5DA3}
	EndGlobalSection
EndGlobal
