
Microsoft Visual Studio Solution File, Format Version 12.00
# Visual Studio Version 17
VisualStudioVersion = 17.9.34310.174
MinimumVisualStudioVersion = 10.0.40219.1
Project("{9A19103F-16F7-4668-BE54-9A1E7A4F7556}") = "test", "test\test.csproj", "{EAC0FD4F-9A44-4F8D-9248-43A5207121AF}"
EndProject
Global
	GlobalSection(SolutionConfigurationPlatforms) = preSolution
		Debug|Any CPU = Debug|Any CPU
		Release|Any CPU = Release|Any CPU
	EndGlobalSection
	GlobalSection(ProjectConfigurationPlatforms) = postSolution
		{EAC0FD4F-9A44-4F8D-9248-43A5207121AF}.Debug|Any CPU.ActiveCfg = Debug|Any CPU
		{EAC0FD4F-9A44-4F8D-9248-43A5207121AF}.Debug|Any CPU.Build.0 = Debug|Any CPU
		{EAC0FD4F-9A44-4F8D-9248-43A5207121AF}.Release|Any CPU.ActiveCfg = Release|Any CPU
		{EAC0FD4F-9A44-4F8D-9248-43A5207121AF}.Release|Any CPU.Build.0 = Release|Any CPU
	EndGlobalSection
	GlobalSection(SolutionProperties) = preSolution
		HideSolutionNode = FALSE
	EndGlobalSection
	GlobalSection(ExtensibilityGlobals) = postSolution
		SolutionGuid = {78298A30-581B-496C-9987-0B3A2F947D1B}
	EndGlobalSection
EndGlobal
