
Microsoft Visual Studio Solution File, Format Version 12.00
# Visual Studio Version 17
VisualStudioVersion = 17.9.34310.174
MinimumVisualStudioVersion = 10.0.40219.1
Project("{FAE04EC0-301F-11D3-BF4B-00C04F79EFBC}") = "Auth_Service", "Auth_Service\Auth_Service.csproj", "{82A70C7C-0D3C-43B2-8724-5F903C4E16E0}"
EndProject
Global
	GlobalSection(SolutionConfigurationPlatforms) = preSolution
		Debug|Any CPU = Debug|Any CPU
		Release|Any CPU = Release|Any CPU
	EndGlobalSection
	GlobalSection(ProjectConfigurationPlatforms) = postSolution
		{82A70C7C-0D3C-43B2-8724-5F903C4E16E0}.Debug|Any CPU.ActiveCfg = Debug|Any CPU
		{82A70C7C-0D3C-43B2-8724-5F903C4E16E0}.Debug|Any CPU.Build.0 = Debug|Any CPU
		{82A70C7C-0D3C-43B2-8724-5F903C4E16E0}.Release|Any CPU.ActiveCfg = Release|Any CPU
		{82A70C7C-0D3C-43B2-8724-5F903C4E16E0}.Release|Any CPU.Build.0 = Release|Any CPU
	EndGlobalSection
	GlobalSection(SolutionProperties) = preSolution
		HideSolutionNode = FALSE
	EndGlobalSection
	GlobalSection(ExtensibilityGlobals) = postSolution
		SolutionGuid = {9BC9323C-6742-45BD-9B0E-07CDF14CF4B0}
	EndGlobalSection
EndGlobal
